{
  "name": "@fnioc/config",
  "version": "0.0.0",
  "lockfileVersion": 3,
  "requires": true,
  "packages": {
    "": {
      "name": "@fnioc/config",
      "version": "0.0.0",
      "dependencies": {
        "@fnioc/di": "^1.0.0"
      },
      "devDependencies": {
        "@types/bun": "^1.3.14",
        "@types/node": "^24.13.2",
        "typescript": "^6.0.3"
      }
    },
    "node_modules/@fnioc/core": {
      "version": "1.0.0",
      "resolved": "https://registry.npmjs.org/@fnioc/core/-/core-1.0.0.tgz",
      "integrity": "sha512-d1dQeOkbiJiMy+KOFjqjHUXhT2JUTmzs1RA/JN9TYcfDB/d1cliBeNCn3vIPAKBd7zW56djZPWGU5NbrGt7F9g==",
      "license": "MIT",
      "peer": true
    },
    "node_modules/@fnioc/di": {
      "version": "1.0.0",
      "resolved": "https://registry.npmjs.org/@fnioc/di/-/di-1.0.0.tgz",
      "integrity": "sha512-3Z5z7aj6Sagd9e4nlH90QdEeGKf0X6z0s4/k9gFUcN1rGaU/yyilcQVfrlzFZr/SasDJIrJtvoUrp6VnfW7AOg==",
      "license": "MIT",
      "peerDependencies": {
        "@fnioc/core": "^1.0.0"
      }
    },
    "node_modules/@types/bun": {
      "version": "1.3.14",
      "resolved": "https://registry.npmjs.org/@types/bun/-/bun-1.3.14.tgz",
      "integrity": "sha512-h1hFqFVcvAvD9j9K7ZW7vd82aSA+rTdznZa+5bwvCwqSB1jmmfLcbIWhOLx1/+boy/xmjgCs/OMUL8hRJSmnPw==",
      "dev": true,
      "license": "MIT",
      "dependencies": {
        "bun-types": "1.3.14"
      }
    },
    "node_modules/@types/node": {
      "version": "24.13.2",
      "resolved": "https://registry.npmjs.org/@types/node/-/node-24.13.2.tgz",
      "integrity": "sha512-fRa09kZTgu8o71KFcDjUFuc7F+dEbZYZmkI0mg5YBTRs0yMKjYHsq/c0urDKeDb+D5qVgXOdFcuu+DZPKOITwA==",
      "dev": true,
      "license": "MIT",
      "dependencies": {
        "undici-types": "~7.18.0"
      }
    },
    "node_modules/bun-types": {
      "version": "1.3.14",
      "resolved": "https://registry.npmjs.org/bun-types/-/bun-types-1.3.14.tgz",
      "integrity": "sha512-4N0ig0fEomHt5R0KCFWjovxow98rIoRwKolrYdCcknNwMekCXRnWEUvgu5soYV8QXtVsrUD8B95MBOZGPvr6KQ==",
      "dev": true,
      "license": "MIT",
      "dependencies": {
        "@types/node": "*"
      }
    },
    "node_modules/typescript": {
      "version": "6.0.3",
      "resolved": "https://registry.npmjs.org/typescript/-/typescript-6.0.3.tgz",
      "integrity": "sha512-y2TvuxSZPDyQakkFRPZHKFm+KKVqIisdg9/CZwm9ftvKXLP8NRWj38/ODjNbr43SsoXqNuAisEf1GdCxqWcdBw==",
      "dev": true,
      "license": "Apache-2.0",
      "bin": {
        "tsc": "bin/tsc",
        "tsserver": "bin/tsserver"
      },
      "engines": {
        "node": ">=14.17"
      }
    },
    "node_modules/undici-types": {
      "version": "7.18.2",
      "resolved": "https://registry.npmjs.org/undici-types/-/undici-types-7.18.2.tgz",
      "integrity": "sha512-AsuCzffGHJybSaRrmr5eHr81mwJU3kjw6M+uprWvCXiNeN9SOGwQ3Jn8jb8m3Z6izVgknn1R0FTCEAP2QrLY/w==",
      "dev": true,
      "license": "MIT"
    }
  }
}
