{
  "lockfileVersion": 1,
  "configVersion": 1,
  "workspaces": {
    "": {
      "name": "@fnioc-examples/without-transformer",
      "dependencies": {
        "@fnioc/config": "file:../..",
        "@fnioc/di": "^1.0.0",
      },
      "devDependencies": {
        "@types/node": "^24.13.2",
        "typescript": "^6.0.3",
      },
    },
  },
  "packages": {
    "@fnioc/config": ["@fnioc/config@file:../..", { "dependencies": { "@fnioc/di": "^1.0.0" }, "devDependencies": { "@types/bun": "^1.3.14", "@types/node": "^24.13.2", "typescript": "^6.0.3" } }],

    "@fnioc/core": ["@fnioc/core@1.0.0", "", {}, "sha512-d1dQeOkbiJiMy+KOFjqjHUXhT2JUTmzs1RA/JN9TYcfDB/d1cliBeNCn3vIPAKBd7zW56djZPWGU5NbrGt7F9g=="],

    "@fnioc/di": ["@fnioc/di@1.0.0", "", { "peerDependencies": { "@fnioc/core": "^1.0.0" } }, "sha512-3Z5z7aj6Sagd9e4nlH90QdEeGKf0X6z0s4/k9gFUcN1rGaU/yyilcQVfrlzFZr/SasDJIrJtvoUrp6VnfW7AOg=="],

    "@types/bun": ["@types/bun@1.3.14", "", { "dependencies": { "bun-types": "1.3.14" } }, "sha512-h1hFqFVcvAvD9j9K7ZW7vd82aSA+rTdznZa+5bwvCwqSB1jmmfLcbIWhOLx1/+boy/xmjgCs/OMUL8hRJSmnPw=="],

    "@types/node": ["@types/node@24.13.2", "", { "dependencies": { "undici-types": "~7.18.0" } }, "sha512-fRa09kZTgu8o71KFcDjUFuc7F+dEbZYZmkI0mg5YBTRs0yMKjYHsq/c0urDKeDb+D5qVgXOdFcuu+DZPKOITwA=="],

    "bun-types": ["bun-types@1.3.14", "", { "dependencies": { "@types/node": "*" } }, "sha512-4N0ig0fEomHt5R0KCFWjovxow98rIoRwKolrYdCcknNwMekCXRnWEUvgu5soYV8QXtVsrUD8B95MBOZGPvr6KQ=="],

    "typescript": ["typescript@6.0.3", "", { "bin": { "tsc": "bin/tsc", "tsserver": "bin/tsserver" } }, "sha512-y2TvuxSZPDyQakkFRPZHKFm+KKVqIisdg9/CZwm9ftvKXLP8NRWj38/ODjNbr43SsoXqNuAisEf1GdCxqWcdBw=="],

    "undici-types": ["undici-types@7.18.2", "", {}, "sha512-AsuCzffGHJybSaRrmr5eHr81mwJU3kjw6M+uprWvCXiNeN9SOGwQ3Jn8jb8m3Z6izVgknn1R0FTCEAP2QrLY/w=="],
  }
}
